
Microsoft Visual Studio Solution File, Format Version 12.00
# Visual Studio Version 17
VisualStudioVersion = 17.8.34330.188
MinimumVisualStudioVersion = 10.0.40219.1
Project("{9A19103F-16F7-4668-BE54-9A1E7A4F7556}") = "DesignPattern", "DesignPattern\DesignPattern.csproj", "{C037E672-3F0B-4273-A966-CA1A83F3BEEC}"
EndProject
Project("{9A19103F-16F7-4668-BE54-9A1E7A4F7556}") = "SolidPrincipels", "SolidPrincipels\SolidPrincipels.csproj", "{2B2F22CD-3954-489A-BDE6-11623E975829}"
EndProject
Global
	GlobalSection(SolutionConfigurationPlatforms) = preSolution
		Debug|Any CPU = Debug|Any CPU
		Release|Any CPU = Release|Any CPU
	EndGlobalSection
	GlobalSection(ProjectConfigurationPlatforms) = postSolution
		{C037E672-3F0B-4273-A966-CA1A83F3BEEC}.Debug|Any CPU.ActiveCfg = Debug|Any CPU
		{C037E672-3F0B-4273-A966-CA1A83F3BEEC}.Debug|Any CPU.Build.0 = Debug|Any CPU
		{C037E672-3F0B-4273-A966-CA1A83F3BEEC}.Release|Any CPU.ActiveCfg = Release|Any CPU
		{C037E672-3F0B-4273-A966-CA1A83F3BEEC}.Release|Any CPU.Build.0 = Release|Any CPU
		{2B2F22CD-3954-489A-BDE6-11623E975829}.Debug|Any CPU.ActiveCfg = Debug|Any CPU
		{2B2F22CD-3954-489A-BDE6-11623E975829}.Debug|Any CPU.Build.0 = Debug|Any CPU
		{2B2F22CD-3954-489A-BDE6-11623E975829}.Release|Any CPU.ActiveCfg = Release|Any CPU
		{2B2F22CD-3954-489A-BDE6-11623E975829}.Release|Any CPU.Build.0 = Release|Any CPU
	EndGlobalSection
	GlobalSection(SolutionProperties) = preSolution
		HideSolutionNode = FALSE
	EndGlobalSection
	GlobalSection(ExtensibilityGlobals) = postSolution
		SolutionGuid = {25E13D01-2834-485D-A673-563EC54A9145}
	EndGlobalSection
EndGlobal
